// !$*UTF8*$!
{
	archiveVersion = 1;
	classes = {
	};
	objectVersion = 51;
	objects = {

/* Begin PBXBuildFile section */
		8256E30A260800FF0028159C /* AppDelegate.swift in Sources */ = {isa = PBXBuildFile; fileRef = 8256E309260800FF0028159C /* AppDelegate.swift */; };
		8256E30C260800FF0028159C /* SceneDelegate.swift in Sources */ = {isa = PBXBuildFile; fileRef = 8256E30B260800FF0028159C /* SceneDelegate.swift */; };
		8256E313260801030028159C /* Assets.xcassets in Resources */ = {isa = PBXBuildFile; fileRef = 8256E312260801030028159C /* Assets.xcassets */; };
		8256E316260801030028159C /* LaunchScreen.storyboard in Resources */ = {isa = PBXBuildFile; fileRef = 8256E314260801030028159C /* LaunchScreen.storyboard */; };
		828B664826080CE000C9E7E2 /* BaseRouter.swift in Sources */ = {isa = PBXBuildFile; fileRef = 828B664726080CE000C9E7E2 /* BaseRouter.swift */; };
		828B664C26080D6B00C9E7E2 /* Session.swift in Sources */ = {isa = PBXBuildFile; fileRef = 828B664B26080D6B00C9E7E2 /* Session.swift */; };
		828B665026080DD300C9E7E2 /* User.swift in Sources */ = {isa = PBXBuildFile; fileRef = 828B664F26080DD300C9E7E2 /* User.swift */; };
		828B66532608350D00C9E7E2 /* BaseTableViewController.swift in Sources */ = {isa = PBXBuildFile; fileRef = 828B66522608350D00C9E7E2 /* BaseTableViewController.swift */; };
		828B66562608352500C9E7E2 /* BaseTableViewCell.swift in Sources */ = {isa = PBXBuildFile; fileRef = 828B66552608352500C9E7E2 /* BaseTableViewCell.swift */; };
		828B665B260839E800C9E7E2 /* Auth.storyboard in Resources */ = {isa = PBXBuildFile; fileRef = 828B665A260839E800C9E7E2 /* Auth.storyboard */; };
		828B667426084B1200C9E7E2 /* Poppins-ExtraLightItalic.ttf in Resources */ = {isa = PBXBuildFile; fileRef = 828B666226084B1000C9E7E2 /* Poppins-ExtraLightItalic.ttf */; };
		828B667526084B1200C9E7E2 /* Poppins-Italic.ttf in Resources */ = {isa = PBXBuildFile; fileRef = 828B666326084B1000C9E7E2 /* Poppins-Italic.ttf */; };
		828B667626084B1200C9E7E2 /* Poppins-Bold.ttf in Resources */ = {isa = PBXBuildFile; fileRef = 828B666426084B1000C9E7E2 /* Poppins-Bold.ttf */; };
		828B667726084B1200C9E7E2 /* Poppins-Light.ttf in Resources */ = {isa = PBXBuildFile; fileRef = 828B666526084B1100C9E7E2 /* Poppins-Light.ttf */; };
		828B667826084B1200C9E7E2 /* Poppins-Thin.ttf in Resources */ = {isa = PBXBuildFile; fileRef = 828B666626084B1100C9E7E2 /* Poppins-Thin.ttf */; };
		828B667926084B1200C9E7E2 /* Poppins-ExtraLight.ttf in Resources */ = {isa = PBXBuildFile; fileRef = 828B666726084B1100C9E7E2 /* Poppins-ExtraLight.ttf */; };
		828B667A26084B1200C9E7E2 /* Poppins-SemiBold.ttf in Resources */ = {isa = PBXBuildFile; fileRef = 828B666826084B1100C9E7E2 /* Poppins-SemiBold.ttf */; };
		828B667B26084B1200C9E7E2 /* Poppins-ExtraBold.ttf in Resources */ = {isa = PBXBuildFile; fileRef = 828B666926084B1100C9E7E2 /* Poppins-ExtraBold.ttf */; };
		828B667C26084B1200C9E7E2 /* Poppins-SemiBoldItalic.ttf in Resources */ = {isa = PBXBuildFile; fileRef = 828B666A26084B1100C9E7E2 /* Poppins-SemiBoldItalic.ttf */; };
		828B667D26084B1200C9E7E2 /* Poppins-BoldItalic.ttf in Resources */ = {isa = PBXBuildFile; fileRef = 828B666B26084B1100C9E7E2 /* Poppins-BoldItalic.ttf */; };
		828B667E26084B1200C9E7E2 /* Poppins-LightItalic.ttf in Resources */ = {isa = PBXBuildFile; fileRef = 828B666C26084B1100C9E7E2 /* Poppins-LightItalic.ttf */; };
		828B667F26084B1200C9E7E2 /* Poppins-Regular.ttf in Resources */ = {isa = PBXBuildFile; fileRef = 828B666D26084B1100C9E7E2 /* Poppins-Regular.ttf */; };
		828B668026084B1200C9E7E2 /* Poppins-ExtraBoldItalic.ttf in Resources */ = {isa = PBXBuildFile; fileRef = 828B666E26084B1100C9E7E2 /* Poppins-ExtraBoldItalic.ttf */; };
		828B668126084B1200C9E7E2 /* Poppins-ThinItalic.ttf in Resources */ = {isa = PBXBuildFile; fileRef = 828B666F26084B1100C9E7E2 /* Poppins-ThinItalic.ttf */; };
		828B668226084B1200C9E7E2 /* Poppins-MediumItalic.ttf in Resources */ = {isa = PBXBuildFile; fileRef = 828B667026084B1200C9E7E2 /* Poppins-MediumItalic.ttf */; };
		828B668326084B1300C9E7E2 /* Poppins-Black.ttf in Resources */ = {isa = PBXBuildFile; fileRef = 828B667126084B1200C9E7E2 /* Poppins-Black.ttf */; };
		828B668426084B1300C9E7E2 /* Poppins-BlackItalic.ttf in Resources */ = {isa = PBXBuildFile; fileRef = 828B667226084B1200C9E7E2 /* Poppins-BlackItalic.ttf */; };
		828B668526084B1300C9E7E2 /* Poppins-Medium.ttf in Resources */ = {isa = PBXBuildFile; fileRef = 828B667326084B1200C9E7E2 /* Poppins-Medium.ttf */; };
		828B668D2608510800C9E7E2 /* LoginRepository.swift in Sources */ = {isa = PBXBuildFile; fileRef = 828B66892608510800C9E7E2 /* LoginRepository.swift */; };
		828B668E2608510800C9E7E2 /* LoginPresenter.swift in Sources */ = {isa = PBXBuildFile; fileRef = 828B668A2608510800C9E7E2 /* LoginPresenter.swift */; };
		828B668F2608510800C9E7E2 /* LoginViewController.swift in Sources */ = {isa = PBXBuildFile; fileRef = 828B668B2608510800C9E7E2 /* LoginViewController.swift */; };
		828B66902608510800C9E7E2 /* LoginRouter.swift in Sources */ = {isa = PBXBuildFile; fileRef = 828B668C2608510800C9E7E2 /* LoginRouter.swift */; };
		828B66932608515C00C9E7E2 /* AlertHelper.swift in Sources */ = {isa = PBXBuildFile; fileRef = 828B66922608515C00C9E7E2 /* AlertHelper.swift */; };
		828B66962608516900C9E7E2 /* AnimationUtils.swift in Sources */ = {isa = PBXBuildFile; fileRef = 828B66952608516900C9E7E2 /* AnimationUtils.swift */; };
		828B6699260851E300C9E7E2 /* BasePresenter.swift in Sources */ = {isa = PBXBuildFile; fileRef = 828B6698260851E300C9E7E2 /* BasePresenter.swift */; };
		828B669D2608523800C9E7E2 /* Enums.swift in Sources */ = {isa = PBXBuildFile; fileRef = 828B669C2608523800C9E7E2 /* Enums.swift */; };
		828B66A32608548D00C9E7E2 /* UIApplicationExtension.swift in Sources */ = {isa = PBXBuildFile; fileRef = 828B66A22608548D00C9E7E2 /* UIApplicationExtension.swift */; };
		828B66AA260855F500C9E7E2 /* BaseViewController.swift in Sources */ = {isa = PBXBuildFile; fileRef = 828B66A9260855F500C9E7E2 /* BaseViewController.swift */; };
		828B66B226085CD900C9E7E2 /* Main.storyboard in Resources */ = {isa = PBXBuildFile; fileRef = 828B66B026085CBC00C9E7E2 /* Main.storyboard */; };
		828F893B260863B700BE4E2C /* Constants.swift in Sources */ = {isa = PBXBuildFile; fileRef = 828F893A260863B700BE4E2C /* Constants.swift */; };
		828F894326086B5D00BE4E2C /* BaseRepository.swift in Sources */ = {isa = PBXBuildFile; fileRef = 828F894226086B5D00BE4E2C /* BaseRepository.swift */; };
		828F89492608706D00BE4E2C /* URLResponseExtension.swift in Sources */ = {isa = PBXBuildFile; fileRef = 828F89482608706D00BE4E2C /* URLResponseExtension.swift */; };
		F0CF8D115013BBBC7C239EB4 /* Pods_Generics_Demo.framework in Frameworks */ = {isa = PBXBuildFile; fileRef = 0F8CCF17EAA86055F300DDD2 /* Pods_Generics_Demo.framework */; };
/* End PBXBuildFile section */

/* Begin PBXFileReference section */
		0F8CCF17EAA86055F300DDD2 /* Pods_Generics_Demo.framework */ = {isa = PBXFileReference; explicitFileType = wrapper.framework; includeInIndex = 0; path = Pods_Generics_Demo.framework; sourceTree = BUILT_PRODUCTS_DIR; };
		8256E306260800FF0028159C /* Generics Demo.app */ = {isa = PBXFileReference; explicitFileType = wrapper.application; includeInIndex = 0; path = "Generics Demo.app"; sourceTree = BUILT_PRODUCTS_DIR; };
		8256E309260800FF0028159C /* AppDelegate.swift */ = {isa = PBXFileReference; lastKnownFileType = sourcecode.swift; path = AppDelegate.swift; sourceTree = "<group>"; };
		8256E30B260800FF0028159C /* SceneDelegate.swift */ = {isa = PBXFileReference; lastKnownFileType = sourcecode.swift; path = SceneDelegate.swift; sourceTree = "<group>"; };
		8256E312260801030028159C /* Assets.xcassets */ = {isa = PBXFileReference; lastKnownFileType = folder.assetcatalog; path = Assets.xcassets; sourceTree = "<group>"; };
		8256E315260801030028159C /* Base */ = {isa = PBXFileReference; lastKnownFileType = file.storyboard; name = Base; path = Base.lproj/LaunchScreen.storyboard; sourceTree = "<group>"; };
		8256E317260801030028159C /* Info.plist */ = {isa = PBXFileReference; lastKnownFileType = text.plist.xml; path = Info.plist; sourceTree = "<group>"; };
		828B664726080CE000C9E7E2 /* BaseRouter.swift */ = {isa = PBXFileReference; lastKnownFileType = sourcecode.swift; path = BaseRouter.swift; sourceTree = "<group>"; };
		828B664B26080D6B00C9E7E2 /* Session.swift */ = {isa = PBXFileReference; lastKnownFileType = sourcecode.swift; path = Session.swift; sourceTree = "<group>"; };
		828B664F26080DD300C9E7E2 /* User.swift */ = {isa = PBXFileReference; lastKnownFileType = sourcecode.swift; path = User.swift; sourceTree = "<group>"; };
		828B66522608350D00C9E7E2 /* BaseTableViewController.swift */ = {isa = PBXFileReference; lastKnownFileType = sourcecode.swift; path = BaseTableViewController.swift; sourceTree = "<group>"; };
		828B66552608352500C9E7E2 /* BaseTableViewCell.swift */ = {isa = PBXFileReference; lastKnownFileType = sourcecode.swift; path = BaseTableViewCell.swift; sourceTree = "<group>"; };
		828B665A260839E800C9E7E2 /* Auth.storyboard */ = {isa = PBXFileReference; lastKnownFileType = file.storyboard; path = Auth.storyboard; sourceTree = "<group>"; };
		828B666226084B1000C9E7E2 /* Poppins-ExtraLightItalic.ttf */ = {isa = PBXFileReference; lastKnownFileType = file; path = "Poppins-ExtraLightItalic.ttf"; sourceTree = "<group>"; };
		828B666326084B1000C9E7E2 /* Poppins-Italic.ttf */ = {isa = PBXFileReference; lastKnownFileType = file; path = "Poppins-Italic.ttf"; sourceTree = "<group>"; };
		828B666426084B1000C9E7E2 /* Poppins-Bold.ttf */ = {isa = PBXFileReference; lastKnownFileType = file; path = "Poppins-Bold.ttf"; sourceTree = "<group>"; };
		828B666526084B1100C9E7E2 /* Poppins-Light.ttf */ = {isa = PBXFileReference; lastKnownFileType = file; path = "Poppins-Light.ttf"; sourceTree = "<group>"; };
		828B666626084B1100C9E7E2 /* Poppins-Thin.ttf */ = {isa = PBXFileReference; lastKnownFileType = file; path = "Poppins-Thin.ttf"; sourceTree = "<group>"; };
		828B666726084B1100C9E7E2 /* Poppins-ExtraLight.ttf */ = {isa = PBXFileReference; lastKnownFileType = file; path = "Poppins-ExtraLight.ttf"; sourceTree = "<group>"; };
		828B666826084B1100C9E7E2 /* Poppins-SemiBold.ttf */ = {isa = PBXFileReference; lastKnownFileType = file; path = "Poppins-SemiBold.ttf"; sourceTree = "<group>"; };
		828B666926084B1100C9E7E2 /* Poppins-ExtraBold.ttf */ = {isa = PBXFileReference; lastKnownFileType = file; path = "Poppins-ExtraBold.ttf"; sourceTree = "<group>"; };
		828B666A26084B1100C9E7E2 /* Poppins-SemiBoldItalic.ttf */ = {isa = PBXFileReference; lastKnownFileType = file; path = "Poppins-SemiBoldItalic.ttf"; sourceTree = "<group>"; };
		828B666B26084B1100C9E7E2 /* Poppins-BoldItalic.ttf */ = {isa = PBXFileReference; lastKnownFileType = file; path = "Poppins-BoldItalic.ttf"; sourceTree = "<group>"; };
		828B666C26084B1100C9E7E2 /* Poppins-LightItalic.ttf */ = {isa = PBXFileReference; lastKnownFileType = file; path = "Poppins-LightItalic.ttf"; sourceTree = "<group>"; };
		828B666D26084B1100C9E7E2 /* Poppins-Regular.ttf */ = {isa = PBXFileReference; lastKnownFileType = file; path = "Poppins-Regular.ttf"; sourceTree = "<group>"; };
		828B666E26084B1100C9E7E2 /* Poppins-ExtraBoldItalic.ttf */ = {isa = PBXFileReference; lastKnownFileType = file; path = "Poppins-ExtraBoldItalic.ttf"; sourceTree = "<group>"; };
		828B666F26084B1100C9E7E2 /* Poppins-ThinItalic.ttf */ = {isa = PBXFileReference; lastKnownFileType = file; path = "Poppins-ThinItalic.ttf"; sourceTree = "<group>"; };
		828B667026084B1200C9E7E2 /* Poppins-MediumItalic.ttf */ = {isa = PBXFileReference; lastKnownFileType = file; path = "Poppins-MediumItalic.ttf"; sourceTree = "<group>"; };
		828B667126084B1200C9E7E2 /* Poppins-Black.ttf */ = {isa = PBXFileReference; lastKnownFileType = file; path = "Poppins-Black.ttf"; sourceTree = "<group>"; };
		828B667226084B1200C9E7E2 /* Poppins-BlackItalic.ttf */ = {isa = PBXFileReference; lastKnownFileType = file; path = "Poppins-BlackItalic.ttf"; sourceTree = "<group>"; };
		828B667326084B1200C9E7E2 /* Poppins-Medium.ttf */ = {isa = PBXFileReference; lastKnownFileType = file; path = "Poppins-Medium.ttf"; sourceTree = "<group>"; };
		828B66882608502E00C9E7E2 /* VIPER - Sample */ = {isa = PBXFileReference; lastKnownFileType = folder; name = "VIPER - Sample"; path = "Generics Demo/VIPER - Sample"; sourceTree = "<group>"; };
		828B66892608510800C9E7E2 /* LoginRepository.swift */ = {isa = PBXFileReference; fileEncoding = 4; lastKnownFileType = sourcecode.swift; path = LoginRepository.swift; sourceTree = "<group>"; };
		828B668A2608510800C9E7E2 /* LoginPresenter.swift */ = {isa = PBXFileReference; fileEncoding = 4; lastKnownFileType = sourcecode.swift; path = LoginPresenter.swift; sourceTree = "<group>"; };
		828B668B2608510800C9E7E2 /* LoginViewController.swift */ = {isa = PBXFileReference; fileEncoding = 4; lastKnownFileType = sourcecode.swift; path = LoginViewController.swift; sourceTree = "<group>"; };
		828B668C2608510800C9E7E2 /* LoginRouter.swift */ = {isa = PBXFileReference; fileEncoding = 4; lastKnownFileType = sourcecode.swift; path = LoginRouter.swift; sourceTree = "<group>"; };
		828B66922608515C00C9E7E2 /* AlertHelper.swift */ = {isa = PBXFileReference; lastKnownFileType = sourcecode.swift; path = AlertHelper.swift; sourceTree = "<group>"; };
		828B66952608516900C9E7E2 /* AnimationUtils.swift */ = {isa = PBXFileReference; lastKnownFileType = sourcecode.swift; path = AnimationUtils.swift; sourceTree = "<group>"; };
		828B6698260851E300C9E7E2 /* BasePresenter.swift */ = {isa = PBXFileReference; lastKnownFileType = sourcecode.swift; path = BasePresenter.swift; sourceTree = "<group>"; };
		828B669C2608523800C9E7E2 /* Enums.swift */ = {isa = PBXFileReference; lastKnownFileType = sourcecode.swift; path = Enums.swift; sourceTree = "<group>"; };
		828B66A22608548D00C9E7E2 /* UIApplicationExtension.swift */ = {isa = PBXFileReference; lastKnownFileType = sourcecode.swift; path = UIApplicationExtension.swift; sourceTree = "<group>"; };
		828B66A9260855F500C9E7E2 /* BaseViewController.swift */ = {isa = PBXFileReference; lastKnownFileType = sourcecode.swift; path = BaseViewController.swift; sourceTree = "<group>"; };
		828B66B026085CBC00C9E7E2 /* Main.storyboard */ = {isa = PBXFileReference; lastKnownFileType = file.storyboard; path = Main.storyboard; sourceTree = "<group>"; };
		828F893A260863B700BE4E2C /* Constants.swift */ = {isa = PBXFileReference; lastKnownFileType = sourcecode.swift; path = Constants.swift; sourceTree = "<group>"; };
		828F894226086B5D00BE4E2C /* BaseRepository.swift */ = {isa = PBXFileReference; lastKnownFileType = sourcecode.swift; path = BaseRepository.swift; sourceTree = "<group>"; };
		828F89482608706D00BE4E2C /* URLResponseExtension.swift */ = {isa = PBXFileReference; lastKnownFileType = sourcecode.swift; path = URLResponseExtension.swift; sourceTree = "<group>"; };
		A4EC8E365007EBE863AD85C5 /* Pods-Generics Demo.release.xcconfig */ = {isa = PBXFileReference; includeInIndex = 1; lastKnownFileType = text.xcconfig; name = "Pods-Generics Demo.release.xcconfig"; path = "Target Support Files/Pods-Generics Demo/Pods-Generics Demo.release.xcconfig"; sourceTree = "<group>"; };
		C0B5AD54CE38C3409356B979 /* Pods-Generics Demo.debug.xcconfig */ = {isa = PBXFileReference; includeInIndex = 1; lastKnownFileType = text.xcconfig; name = "Pods-Generics Demo.debug.xcconfig"; path = "Target Support Files/Pods-Generics Demo/Pods-Generics Demo.debug.xcconfig"; sourceTree = "<group>"; };
/* End PBXFileReference section */

/* Begin PBXFrameworksBuildPhase section */
		8256E303260800FF0028159C /* Frameworks */ = {
			isa = PBXFrameworksBuildPhase;
			buildActionMask = 2147483647;
			files = (
				F0CF8D115013BBBC7C239EB4 /* Pods_Generics_Demo.framework in Frameworks */,
			);
			runOnlyForDeploymentPostprocessing = 0;
		};
/* End PBXFrameworksBuildPhase section */

/* Begin PBXGroup section */
		08339EEDC2EE2A03665A83F2 /* Pods */ = {
			isa = PBXGroup;
			children = (
				C0B5AD54CE38C3409356B979 /* Pods-Generics Demo.debug.xcconfig */,
				A4EC8E365007EBE863AD85C5 /* Pods-Generics Demo.release.xcconfig */,
			);
			path = Pods;
			sourceTree = "<group>";
		};
		8256E2FD260800FF0028159C = {
			isa = PBXGroup;
			children = (
				828B66882608502E00C9E7E2 /* VIPER - Sample */,
				8256E308260800FF0028159C /* Generics Demo */,
				8256E307260800FF0028159C /* Products */,
				08339EEDC2EE2A03665A83F2 /* Pods */,
				958E7BF5007BB45E1C536F33 /* Frameworks */,
			);
			sourceTree = "<group>";
		};
		8256E307260800FF0028159C /* Products */ = {
			isa = PBXGroup;
			children = (
				8256E306260800FF0028159C /* Generics Demo.app */,
			);
			name = Products;
			sourceTree = "<group>";
		};
		8256E308260800FF0028159C /* Generics Demo */ = {
			isa = PBXGroup;
			children = (
				828B665F26084ACC00C9E7E2 /* Files */,
				8256E31E260801AE0028159C /* Application */,
				828B664A26080D4A00C9E7E2 /* Common */,
				8256E320260801ED0028159C /* Base */,
				8256E31F260801D30028159C /* Modules */,
			);
			path = "Generics Demo";
			sourceTree = "<group>";
		};
		8256E31E260801AE0028159C /* Application */ = {
			isa = PBXGroup;
			children = (
				8256E309260800FF0028159C /* AppDelegate.swift */,
				8256E30B260800FF0028159C /* SceneDelegate.swift */,
				8256E312260801030028159C /* Assets.xcassets */,
				8256E314260801030028159C /* LaunchScreen.storyboard */,
				8256E317260801030028159C /* Info.plist */,
				828B66B026085CBC00C9E7E2 /* Main.storyboard */,
			);
			path = Application;
			sourceTree = "<group>";
		};
		8256E31F260801D30028159C /* Modules */ = {
			isa = PBXGroup;
			children = (
				828B664326080ACF00C9E7E2 /* Auth */,
				828B664626080B3D00C9E7E2 /* Home */,
				828B664526080B2A00C9E7E2 /* Followers */,
				828B664426080AE700C9E7E2 /* Repositories */,
			);
			path = Modules;
			sourceTree = "<group>";
		};
		8256E320260801ED0028159C /* Base */ = {
			isa = PBXGroup;
			children = (
				828B66582608353800C9E7E2 /* UI */,
				828B66A9260855F500C9E7E2 /* BaseViewController.swift */,
				828B66522608350D00C9E7E2 /* BaseTableViewController.swift */,
				828B6698260851E300C9E7E2 /* BasePresenter.swift */,
				828F894226086B5D00BE4E2C /* BaseRepository.swift */,
				828B664726080CE000C9E7E2 /* BaseRouter.swift */,
			);
			path = Base;
			sourceTree = "<group>";
		};
		828B664326080ACF00C9E7E2 /* Auth */ = {
			isa = PBXGroup;
			children = (
				828B665A260839E800C9E7E2 /* Auth.storyboard */,
				828B665D260839EF00C9E7E2 /* Login */,
			);
			path = Auth;
			sourceTree = "<group>";
		};
		828B664426080AE700C9E7E2 /* Repositories */ = {
			isa = PBXGroup;
			children = (
			);
			path = Repositories;
			sourceTree = "<group>";
		};
		828B664526080B2A00C9E7E2 /* Followers */ = {
			isa = PBXGroup;
			children = (
			);
			path = Followers;
			sourceTree = "<group>";
		};
		828B664626080B3D00C9E7E2 /* Home */ = {
			isa = PBXGroup;
			children = (
			);
			path = Home;
			sourceTree = "<group>";
		};
		828B664A26080D4A00C9E7E2 /* Common */ = {
			isa = PBXGroup;
			children = (
				828B669F260852E100C9E7E2 /* UI */,
				828B66A12608547E00C9E7E2 /* Extensions */,
				828B664E26080DC600C9E7E2 /* Entities */,
				828B664B26080D6B00C9E7E2 /* Session.swift */,
				828B669C2608523800C9E7E2 /* Enums.swift */,
				828F893A260863B700BE4E2C /* Constants.swift */,
			);
			path = Common;
			sourceTree = "<group>";
		};
		828B664E26080DC600C9E7E2 /* Entities */ = {
			isa = PBXGroup;
			children = (
				828B664F26080DD300C9E7E2 /* User.swift */,
			);
			path = Entities;
			sourceTree = "<group>";
		};
		828B66582608353800C9E7E2 /* UI */ = {
			isa = PBXGroup;
			children = (
				828B66552608352500C9E7E2 /* BaseTableViewCell.swift */,
			);
			path = UI;
			sourceTree = "<group>";
		};
		828B665D260839EF00C9E7E2 /* Login */ = {
			isa = PBXGroup;
			children = (
				828B668B2608510800C9E7E2 /* LoginViewController.swift */,
				828B668A2608510800C9E7E2 /* LoginPresenter.swift */,
				828B66892608510800C9E7E2 /* LoginRepository.swift */,
				828B668C2608510800C9E7E2 /* LoginRouter.swift */,
			);
			path = Login;
			sourceTree = "<group>";
		};
		828B665F26084ACC00C9E7E2 /* Files */ = {
			isa = PBXGroup;
			children = (
				828B666026084AD800C9E7E2 /* Fonts */,
			);
			path = Files;
			sourceTree = "<group>";
		};
		828B666026084AD800C9E7E2 /* Fonts */ = {
			isa = PBXGroup;
			children = (
				828B666126084AE000C9E7E2 /* Poppins */,
			);
			path = Fonts;
			sourceTree = "<group>";
		};
		828B666126084AE000C9E7E2 /* Poppins */ = {
			isa = PBXGroup;
			children = (
				828B667126084B1200C9E7E2 /* Poppins-Black.ttf */,
				828B667226084B1200C9E7E2 /* Poppins-BlackItalic.ttf */,
				828B666426084B1000C9E7E2 /* Poppins-Bold.ttf */,
				828B666B26084B1100C9E7E2 /* Poppins-BoldItalic.ttf */,
				828B666926084B1100C9E7E2 /* Poppins-ExtraBold.ttf */,
				828B666E26084B1100C9E7E2 /* Poppins-ExtraBoldItalic.ttf */,
				828B666726084B1100C9E7E2 /* Poppins-ExtraLight.ttf */,
				828B666226084B1000C9E7E2 /* Poppins-ExtraLightItalic.ttf */,
				828B666326084B1000C9E7E2 /* Poppins-Italic.ttf */,
				828B666526084B1100C9E7E2 /* Poppins-Light.ttf */,
				828B666C26084B1100C9E7E2 /* Poppins-LightItalic.ttf */,
				828B667326084B1200C9E7E2 /* Poppins-Medium.ttf */,
				828B667026084B1200C9E7E2 /* Poppins-MediumItalic.ttf */,
				828B666D26084B1100C9E7E2 /* Poppins-Regular.ttf */,
				828B666826084B1100C9E7E2 /* Poppins-SemiBold.ttf */,
				828B666A26084B1100C9E7E2 /* Poppins-SemiBoldItalic.ttf */,
				828B666626084B1100C9E7E2 /* Poppins-Thin.ttf */,
				828B666F26084B1100C9E7E2 /* Poppins-ThinItalic.ttf */,
			);
			path = Poppins;
			sourceTree = "<group>";
		};
		828B669F260852E100C9E7E2 /* UI */ = {
			isa = PBXGroup;
			children = (
				828B66922608515C00C9E7E2 /* AlertHelper.swift */,
				828B66952608516900C9E7E2 /* AnimationUtils.swift */,
			);
			path = UI;
			sourceTree = "<group>";
		};
		828B66A12608547E00C9E7E2 /* Extensions */ = {
			isa = PBXGroup;
			children = (
				828B66A22608548D00C9E7E2 /* UIApplicationExtension.swift */,
				828F89482608706D00BE4E2C /* URLResponseExtension.swift */,
			);
			path = Extensions;
			sourceTree = "<group>";
		};
		958E7BF5007BB45E1C536F33 /* Frameworks */ = {
			isa = PBXGroup;
			children = (
				0F8CCF17EAA86055F300DDD2 /* Pods_Generics_Demo.framework */,
			);
			name = Frameworks;
			sourceTree = "<group>";
		};
/* End PBXGroup section */

/* Begin PBXNativeTarget section */
		8256E305260800FF0028159C /* Generics Demo */ = {
			isa = PBXNativeTarget;
			buildConfigurationList = 8256E31A260801030028159C /* Build configuration list for PBXNativeTarget "Generics Demo" */;
			buildPhases = (
				1BE904314581246EBBDECCA5 /* [CP] Check Pods Manifest.lock */,
				8256E302260800FF0028159C /* Sources */,
				8256E303260800FF0028159C /* Frameworks */,
				8256E304260800FF0028159C /* Resources */,
				49500FD26290E4793D91F7C9 /* [CP] Embed Pods Frameworks */,
			);
			buildRules = (
			);
			dependencies = (
			);
			name = "Generics Demo";
			productName = "Generics Demo";
			productReference = 8256E306260800FF0028159C /* Generics Demo.app */;
			productType = "com.apple.product-type.application";
		};
/* End PBXNativeTarget section */

/* Begin PBXProject section */
		8256E2FE260800FF0028159C /* Project object */ = {
			isa = PBXProject;
			attributes = {
				LastSwiftUpdateCheck = 1240;
				LastUpgradeCheck = 1240;
				TargetAttributes = {
					8256E305260800FF0028159C = {
						CreatedOnToolsVersion = 12.4;
					};
				};
			};
			buildConfigurationList = 8256E301260800FF0028159C /* Build configuration list for PBXProject "Generics Demo" */;
			compatibilityVersion = "Xcode 9.3";
			developmentRegion = en;
			hasScannedForEncodings = 0;
			knownRegions = (
				en,
				Base,
			);
			mainGroup = 8256E2FD260800FF0028159C;
			productRefGroup = 8256E307260800FF0028159C /* Products */;
			projectDirPath = "";
			projectRoot = "";
			targets = (
				8256E305260800FF0028159C /* Generics Demo */,
			);
		};
/* End PBXProject section */

/* Begin PBXResourcesBuildPhase section */
		8256E304260800FF0028159C /* Resources */ = {
			isa = PBXResourcesBuildPhase;
			buildActionMask = 2147483647;
			files = (
				828B667726084B1200C9E7E2 /* Poppins-Light.ttf in Resources */,
				828B667426084B1200C9E7E2 /* Poppins-ExtraLightItalic.ttf in Resources */,
				828B667D26084B1200C9E7E2 /* Poppins-BoldItalic.ttf in Resources */,
				828B667626084B1200C9E7E2 /* Poppins-Bold.ttf in Resources */,
				828B667926084B1200C9E7E2 /* Poppins-ExtraLight.ttf in Resources */,
				828B66B226085CD900C9E7E2 /* Main.storyboard in Resources */,
				828B668326084B1300C9E7E2 /* Poppins-Black.ttf in Resources */,
				828B668126084B1200C9E7E2 /* Poppins-ThinItalic.ttf in Resources */,
				828B665B260839E800C9E7E2 /* Auth.storyboard in Resources */,
				828B668226084B1200C9E7E2 /* Poppins-MediumItalic.ttf in Resources */,
				828B667C26084B1200C9E7E2 /* Poppins-SemiBoldItalic.ttf in Resources */,
				828B667A26084B1200C9E7E2 /* Poppins-SemiBold.ttf in Resources */,
				828B668026084B1200C9E7E2 /* Poppins-ExtraBoldItalic.ttf in Resources */,
				828B668426084B1300C9E7E2 /* Poppins-BlackItalic.ttf in Resources */,
				8256E316260801030028159C /* LaunchScreen.storyboard in Resources */,
				828B667F26084B1200C9E7E2 /* Poppins-Regular.ttf in Resources */,
				828B668526084B1300C9E7E2 /* Poppins-Medium.ttf in Resources */,
				828B667E26084B1200C9E7E2 /* Poppins-LightItalic.ttf in Resources */,
				828B667B26084B1200C9E7E2 /* Poppins-ExtraBold.ttf in Resources */,
				828B667826084B1200C9E7E2 /* Poppins-Thin.ttf in Resources */,
				828B667526084B1200C9E7E2 /* Poppins-Italic.ttf in Resources */,
				8256E313260801030028159C /* Assets.xcassets in Resources */,
			);
			runOnlyForDeploymentPostprocessing = 0;
		};
/* End PBXResourcesBuildPhase section */

/* Begin PBXShellScriptBuildPhase section */
		1BE904314581246EBBDECCA5 /* [CP] Check Pods Manifest.lock */ = {
			isa = PBXShellScriptBuildPhase;
			buildActionMask = 2147483647;
			files = (
			);
			inputFileListPaths = (
			);
			inputPaths = (
				"${PODS_PODFILE_DIR_PATH}/Podfile.lock",
				"${PODS_ROOT}/Manifest.lock",
			);
			name = "[CP] Check Pods Manifest.lock";
			outputFileListPaths = (
			);
			outputPaths = (
				"$(DERIVED_FILE_DIR)/Pods-Generics Demo-checkManifestLockResult.txt",
			);
			runOnlyForDeploymentPostprocessing = 0;
			shellPath = /bin/sh;
			shellScript = "diff \"${PODS_PODFILE_DIR_PATH}/Podfile.lock\" \"${PODS_ROOT}/Manifest.lock\" > /dev/null\nif [ $? != 0 ] ; then\n    # print error to STDERR\n    echo \"error: The sandbox is not in sync with the Podfile.lock. Run 'pod install' or update your CocoaPods installation.\" >&2\n    exit 1\nfi\n# This output is used by Xcode 'outputs' to avoid re-running this script phase.\necho \"SUCCESS\" > \"${SCRIPT_OUTPUT_FILE_0}\"\n";
			showEnvVarsInLog = 0;
		};
		49500FD26290E4793D91F7C9 /* [CP] Embed Pods Frameworks */ = {
			isa = PBXShellScriptBuildPhase;
			buildActionMask = 2147483647;
			files = (
			);
			inputFileListPaths = (
				"${PODS_ROOT}/Target Support Files/Pods-Generics Demo/Pods-Generics Demo-frameworks-${CONFIGURATION}-input-files.xcfilelist",
			);
			name = "[CP] Embed Pods Frameworks";
			outputFileListPaths = (
				"${PODS_ROOT}/Target Support Files/Pods-Generics Demo/Pods-Generics Demo-frameworks-${CONFIGURATION}-output-files.xcfilelist",
			);
			runOnlyForDeploymentPostprocessing = 0;
			shellPath = /bin/sh;
			shellScript = "\"${PODS_ROOT}/Target Support Files/Pods-Generics Demo/Pods-Generics Demo-frameworks.sh\"\n";
			showEnvVarsInLog = 0;
		};
/* End PBXShellScriptBuildPhase section */

/* Begin PBXSourcesBuildPhase section */
		8256E302260800FF0028159C /* Sources */ = {
			isa = PBXSourcesBuildPhase;
			buildActionMask = 2147483647;
			files = (
				828B66932608515C00C9E7E2 /* AlertHelper.swift in Sources */,
				828B6699260851E300C9E7E2 /* BasePresenter.swift in Sources */,
				828B66532608350D00C9E7E2 /* BaseTableViewController.swift in Sources */,
				828B668D2608510800C9E7E2 /* LoginRepository.swift in Sources */,
				828B66962608516900C9E7E2 /* AnimationUtils.swift in Sources */,
				828B664C26080D6B00C9E7E2 /* Session.swift in Sources */,
				828B668E2608510800C9E7E2 /* LoginPresenter.swift in Sources */,
				828B66AA260855F500C9E7E2 /* BaseViewController.swift in Sources */,
				828F89492608706D00BE4E2C /* URLResponseExtension.swift in Sources */,
				828B66A32608548D00C9E7E2 /* UIApplicationExtension.swift in Sources */,
				828B669D2608523800C9E7E2 /* Enums.swift in Sources */,
				8256E30A260800FF0028159C /* AppDelegate.swift in Sources */,
				828B664826080CE000C9E7E2 /* BaseRouter.swift in Sources */,
				828B66562608352500C9E7E2 /* BaseTableViewCell.swift in Sources */,
				828B665026080DD300C9E7E2 /* User.swift in Sources */,
				828B66902608510800C9E7E2 /* LoginRouter.swift in Sources */,
				828B668F2608510800C9E7E2 /* LoginViewController.swift in Sources */,
				8256E30C260800FF0028159C /* SceneDelegate.swift in Sources */,
				828F894326086B5D00BE4E2C /* BaseRepository.swift in Sources */,
				828F893B260863B700BE4E2C /* Constants.swift in Sources */,
			);
			runOnlyForDeploymentPostprocessing = 0;
		};
/* End PBXSourcesBuildPhase section */

/* Begin PBXVariantGroup section */
		8256E314260801030028159C /* LaunchScreen.storyboard */ = {
			isa = PBXVariantGroup;
			children = (
				8256E315260801030028159C /* Base */,
			);
			name = LaunchScreen.storyboard;
			sourceTree = "<group>";
		};
/* End PBXVariantGroup section */

/* Begin XCBuildConfiguration section */
		8256E318260801030028159C /* Debug */ = {
			isa = XCBuildConfiguration;
			buildSettings = {
				ALWAYS_SEARCH_USER_PATHS = NO;
				CLANG_ANALYZER_NONNULL = YES;
				CLANG_ANALYZER_NUMBER_OBJECT_CONVERSION = YES_AGGRESSIVE;
				CLANG_CXX_LANGUAGE_STANDARD = "gnu++14";
				CLANG_CXX_LIBRARY = "libc++";
				CLANG_ENABLE_MODULES = YES;
				CLANG_ENABLE_OBJC_ARC = YES;
				CLANG_ENABLE_OBJC_WEAK = YES;
				CLANG_WARN_BLOCK_CAPTURE_AUTORELEASING = YES;
				CLANG_WARN_BOOL_CONVERSION = YES;
				CLANG_WARN_COMMA = YES;
				CLANG_WARN_CONSTANT_CONVERSION = YES;
				CLANG_WARN_DEPRECATED_OBJC_IMPLEMENTATIONS = YES;
				CLANG_WARN_DIRECT_OBJC_ISA_USAGE = YES_ERROR;
				CLANG_WARN_DOCUMENTATION_COMMENTS = YES;
				CLANG_WARN_EMPTY_BODY = YES;
				CLANG_WARN_ENUM_CONVERSION = YES;
				CLANG_WARN_INFINITE_RECURSION = YES;
				CLANG_WARN_INT_CONVERSION = YES;
				CLANG_WARN_NON_LITERAL_NULL_CONVERSION = YES;
				CLANG_WARN_OBJC_IMPLICIT_RETAIN_SELF = YES;
				CLANG_WARN_OBJC_LITERAL_CONVERSION = YES;
				CLANG_WARN_OBJC_ROOT_CLASS = YES_ERROR;
				CLANG_WARN_QUOTED_INCLUDE_IN_FRAMEWORK_HEADER = YES;
				CLANG_WARN_RANGE_LOOP_ANALYSIS = YES;
				CLANG_WARN_STRICT_PROTOTYPES = YES;
				CLANG_WARN_SUSPICIOUS_MOVE = YES;
				CLANG_WARN_UNGUARDED_AVAILABILITY = YES_AGGRESSIVE;
				CLANG_WARN_UNREACHABLE_CODE = YES;
				CLANG_WARN__DUPLICATE_METHOD_MATCH = YES;
				COPY_PHASE_STRIP = NO;
				DEBUG_INFORMATION_FORMAT = dwarf;
				ENABLE_STRICT_OBJC_MSGSEND = YES;
				ENABLE_TESTABILITY = YES;
				GCC_C_LANGUAGE_STANDARD = gnu11;
				GCC_DYNAMIC_NO_PIC = NO;
				GCC_NO_COMMON_BLOCKS = YES;
				GCC_OPTIMIZATION_LEVEL = 0;
				GCC_PREPROCESSOR_DEFINITIONS = (
					"DEBUG=1",
					"$(inherited)",
				);
				GCC_WARN_64_TO_32_BIT_CONVERSION = YES;
				GCC_WARN_ABOUT_RETURN_TYPE = YES_ERROR;
				GCC_WARN_UNDECLARED_SELECTOR = YES;
				GCC_WARN_UNINITIALIZED_AUTOS = YES_AGGRESSIVE;
				GCC_WARN_UNUSED_FUNCTION = YES;
				GCC_WARN_UNUSED_VARIABLE = YES;
				IPHONEOS_DEPLOYMENT_TARGET = 14.4;
				MTL_ENABLE_DEBUG_INFO = INCLUDE_SOURCE;
				MTL_FAST_MATH = YES;
				ONLY_ACTIVE_ARCH = YES;
				SDKROOT = iphoneos;
				SWIFT_ACTIVE_COMPILATION_CONDITIONS = DEBUG;
				SWIFT_OPTIMIZATION_LEVEL = "-Onone";
			};
			name = Debug;
		};
		8256E319260801030028159C /* Release */ = {
			isa = XCBuildConfiguration;
			buildSettings = {
				ALWAYS_SEARCH_USER_PATHS = NO;
				CLANG_ANALYZER_NONNULL = YES;
				CLANG_ANALYZER_NUMBER_OBJECT_CONVERSION = YES_AGGRESSIVE;
				CLANG_CXX_LANGUAGE_STANDARD = "gnu++14";
				CLANG_CXX_LIBRARY = "libc++";
				CLANG_ENABLE_MODULES = YES;
				CLANG_ENABLE_OBJC_ARC = YES;
				CLANG_ENABLE_OBJC_WEAK = YES;
				CLANG_WARN_BLOCK_CAPTURE_AUTORELEASING = YES;
				CLANG_WARN_BOOL_CONVERSION = YES;
				CLANG_WARN_COMMA = YES;
				CLANG_WARN_CONSTANT_CONVERSION = YES;
				CLANG_WARN_DEPRECATED_OBJC_IMPLEMENTATIONS = YES;
				CLANG_WARN_DIRECT_OBJC_ISA_USAGE = YES_ERROR;
				CLANG_WARN_DOCUMENTATION_COMMENTS = YES;
				CLANG_WARN_EMPTY_BODY = YES;
				CLANG_WARN_ENUM_CONVERSION = YES;
				CLANG_WARN_INFINITE_RECURSION = YES;
				CLANG_WARN_INT_CONVERSION = YES;
				CLANG_WARN_NON_LITERAL_NULL_CONVERSION = YES;
				CLANG_WARN_OBJC_IMPLICIT_RETAIN_SELF = YES;
				CLANG_WARN_OBJC_LITERAL_CONVERSION = YES;
				CLANG_WARN_OBJC_ROOT_CLASS = YES_ERROR;
				CLANG_WARN_QUOTED_INCLUDE_IN_FRAMEWORK_HEADER = YES;
				CLANG_WARN_RANGE_LOOP_ANALYSIS = YES;
				CLANG_WARN_STRICT_PROTOTYPES = YES;
				CLANG_WARN_SUSPICIOUS_MOVE = YES;
				CLANG_WARN_UNGUARDED_AVAILABILITY = YES_AGGRESSIVE;
				CLANG_WARN_UNREACHABLE_CODE = YES;
				CLANG_WARN__DUPLICATE_METHOD_MATCH = YES;
				COPY_PHASE_STRIP = NO;
				DEBUG_INFORMATION_FORMAT = "dwarf-with-dsym";
				ENABLE_NS_ASSERTIONS = NO;
				ENABLE_STRICT_OBJC_MSGSEND = YES;
				GCC_C_LANGUAGE_STANDARD = gnu11;
				GCC_NO_COMMON_BLOCKS = YES;
				GCC_WARN_64_TO_32_BIT_CONVERSION = YES;
				GCC_WARN_ABOUT_RETURN_TYPE = YES_ERROR;
				GCC_WARN_UNDECLARED_SELECTOR = YES;
				GCC_WARN_UNINITIALIZED_AUTOS = YES_AGGRESSIVE;
				GCC_WARN_UNUSED_FUNCTION = YES;
				GCC_WARN_UNUSED_VARIABLE = YES;
				IPHONEOS_DEPLOYMENT_TARGET = 14.4;
				MTL_ENABLE_DEBUG_INFO = NO;
				MTL_FAST_MATH = YES;
				SDKROOT = iphoneos;
				SWIFT_COMPILATION_MODE = wholemodule;
				SWIFT_OPTIMIZATION_LEVEL = "-O";
				VALIDATE_PRODUCT = YES;
			};
			name = Release;
		};
		8256E31B260801030028159C /* Debug */ = {
			isa = XCBuildConfiguration;
			baseConfigurationReference = C0B5AD54CE38C3409356B979 /* Pods-Generics Demo.debug.xcconfig */;
			buildSettings = {
				ASSETCATALOG_COMPILER_APPICON_NAME = AppIcon;
				ASSETCATALOG_COMPILER_GLOBAL_ACCENT_COLOR_NAME = AccentColor;
				CODE_SIGN_STYLE = Automatic;
				DEVELOPMENT_TEAM = 35YSZ37LA7;
				INFOPLIST_FILE = "Generics Demo/Application/Info.plist";
				LD_RUNPATH_SEARCH_PATHS = (
					"$(inherited)",
					"@executable_path/Frameworks",
				);
				PRODUCT_BUNDLE_IDENTIFIER = "br.com.josemartinsnetto.Generics-Demo";
				PRODUCT_NAME = "$(TARGET_NAME)";
				SWIFT_VERSION = 5.0;
				TARGETED_DEVICE_FAMILY = 1;
			};
			name = Debug;
		};
		8256E31C260801030028159C /* Release */ = {
			isa = XCBuildConfiguration;
			baseConfigurationReference = A4EC8E365007EBE863AD85C5 /* Pods-Generics Demo.release.xcconfig */;
			buildSettings = {
				ASSETCATALOG_COMPILER_APPICON_NAME = AppIcon;
				ASSETCATALOG_COMPILER_GLOBAL_ACCENT_COLOR_NAME = AccentColor;
				CODE_SIGN_STYLE = Automatic;
				DEVELOPMENT_TEAM = 35YSZ37LA7;
				INFOPLIST_FILE = "Generics Demo/Application/Info.plist";
				LD_RUNPATH_SEARCH_PATHS = (
					"$(inherited)",
					"@executable_path/Frameworks",
				);
				PRODUCT_BUNDLE_IDENTIFIER = "br.com.josemartinsnetto.Generics-Demo";
				PRODUCT_NAME = "$(TARGET_NAME)";
				SWIFT_VERSION = 5.0;
				TARGETED_DEVICE_FAMILY = 1;
			};
			name = Release;
		};
/* End XCBuildConfiguration section */

/* Begin XCConfigurationList section */
		8256E301260800FF0028159C /* Build configuration list for PBXProject "Generics Demo" */ = {
			isa = XCConfigurationList;
			buildConfigurations = (
				8256E318260801030028159C /* Debug */,
				8256E319260801030028159C /* Release */,
			);
			defaultConfigurationIsVisible = 0;
			defaultConfigurationName = Release;
		};
		8256E31A260801030028159C /* Build configuration list for PBXNativeTarget "Generics Demo" */ = {
			isa = XCConfigurationList;
			buildConfigurations = (
				8256E31B260801030028159C /* Debug */,
				8256E31C260801030028159C /* Release */,
			);
			defaultConfigurationIsVisible = 0;
			defaultConfigurationName = Release;
		};
/* End XCConfigurationList section */
	};
	rootObject = 8256E2FE260800FF0028159C /* Project object */;
}
